PODS:
  - audioplayers (0.0.1):
    - Flutter
  - camera (0.0.1):
    - Flutter
  - Flutter (1.0.0)
  - flutter_image_compress (0.0.1):
    - Flutter
    - Mantle
  - flutter_webview_plugin (0.0.1):
    - Flutter
  - image_picker (0.0.1):
    - Flutter
  - Mantle (2.1.0):
    - Mantle/extobjc (= 2.1.0)
  - Mantle/extobjc (2.1.0)
  - path_provider (0.0.1):
    - Flutter

DEPENDENCIES:
  - audioplayers (from `.symlinks/plugins/audioplayers/ios`)
  - camera (from `.symlinks/plugins/camera/ios`)
  - Flutter (from `.symlinks/flutter/ios-release`)
  - flutter_image_compress (from `.symlinks/plugins/flutter_image_compress/ios`)
  - flutter_webview_plugin (from `.symlinks/plugins/flutter_webview_plugin/ios`)
  - image_picker (from `.symlinks/plugins/image_picker/ios`)
  - path_provider (from `.symlinks/plugins/path_provider/ios`)

SPEC REPOS:
  trunk:
    - Mantle

EXTERNAL SOURCES:
  audioplayers:
    :path: ".symlinks/plugins/audioplayers/ios"
  camera:
    :path: ".symlinks/plugins/camera/ios"
  Flutter:
    :path: ".symlinks/flutter/ios-release"
  flutter_image_compress:
    :path: ".symlinks/plugins/flutter_image_compress/ios"
  flutter_webview_plugin:
    :path: ".symlinks/plugins/flutter_webview_plugin/ios"
  image_picker:
    :path: ".symlinks/plugins/image_picker/ios"
  path_provider:
    :path: ".symlinks/plugins/path_provider/ios"

SPEC CHECKSUMS:
  audioplayers: 84f968cea3f2deab00ec4f8ff53358b3c0b3992c
  camera: 38cc83ae9a5667bb5a71c7d9edaf60a91920fd4e
  Flutter: 0e3d915762c693b495b44d77113d4970485de6ec
  flutter_image_compress: f69d0e0e078ce52b4810695593bc861ee319ae7d
  flutter_webview_plugin: ed9e8a6a96baf0c867e90e1bce2673913eeac694
  image_picker: e3eacd46b94694dde7cf2705955cece853aa1a8f
  Mantle: 2fa750afa478cd625a94230fbf1c13462f29395b
  path_provider: fb74bd0465e96b594bb3b5088ee4a4e7bb1f2a9d

PODFILE CHECKSUM: 6d780c027f700cd39ee15c6725452ad035a99272

COCOAPODS: 1.8.4
